
Microsoft Visual Studio Solution File, Format Version 12.00
# Visual Studio Version 16
VisualStudioVersion = 16.0.28922.388
MinimumVisualStudioVersion = 10.0.40219.1
Project("{FAE04EC0-301F-11D3-BF4B-00C04F79EFBC}") = "Presentacion1", "Presentacion1\Presentacion1.csproj", "{C061A615-C5F2-49A1-8A2D-D2F19A3CA6B2}"
EndProject
Global
	GlobalSection(SolutionConfigurationPlatforms) = preSolution
		Debug|Any CPU = Debug|Any CPU
		Release|Any CPU = Release|Any CPU
	EndGlobalSection
	GlobalSection(ProjectConfigurationPlatforms) = postSolution
		{C061A615-C5F2-49A1-8A2D-D2F19A3CA6B2}.Debug|Any CPU.ActiveCfg = Debug|Any CPU
		{C061A615-C5F2-49A1-8A2D-D2F19A3CA6B2}.Debug|Any CPU.Build.0 = Debug|Any CPU
		{C061A615-C5F2-49A1-8A2D-D2F19A3CA6B2}.Release|Any CPU.ActiveCfg = Release|Any CPU
		{C061A615-C5F2-49A1-8A2D-D2F19A3CA6B2}.Release|Any CPU.Build.0 = Release|Any CPU
	EndGlobalSection
	GlobalSection(SolutionProperties) = preSolution
		HideSolutionNode = FALSE
	EndGlobalSection
	GlobalSection(ExtensibilityGlobals) = postSolution
		SolutionGuid = {871F73CD-E924-4260-B95A-166DAC904EC0}
	EndGlobalSection
EndGlobal
