
Microsoft Visual Studio Solution File, Format Version 12.00
# Visual Studio Version 16
VisualStudioVersion = 16.0.29215.179
MinimumVisualStudioVersion = 10.0.40219.1
Project("{FAE04EC0-301F-11D3-BF4B-00C04F79EFBC}") = "Ejemplo2", "Ejemplo2\Ejemplo2.csproj", "{8B97EC1B-2EF9-4308-BF90-E7D8379A1490}"
EndProject
Global
	GlobalSection(SolutionConfigurationPlatforms) = preSolution
		Debug|Any CPU = Debug|Any CPU
		Release|Any CPU = Release|Any CPU
	EndGlobalSection
	GlobalSection(ProjectConfigurationPlatforms) = postSolution
		{8B97EC1B-2EF9-4308-BF90-E7D8379A1490}.Debug|Any CPU.ActiveCfg = Debug|Any CPU
		{8B97EC1B-2EF9-4308-BF90-E7D8379A1490}.Debug|Any CPU.Build.0 = Debug|Any CPU
		{8B97EC1B-2EF9-4308-BF90-E7D8379A1490}.Release|Any CPU.ActiveCfg = Release|Any CPU
		{8B97EC1B-2EF9-4308-BF90-E7D8379A1490}.Release|Any CPU.Build.0 = Release|Any CPU
	EndGlobalSection
	GlobalSection(SolutionProperties) = preSolution
		HideSolutionNode = FALSE
	EndGlobalSection
	GlobalSection(ExtensibilityGlobals) = postSolution
		SolutionGuid = {C68682AE-FBE0-4308-BD1B-75E3B83D6F91}
	EndGlobalSection
EndGlobal
